# THIS IS AN AUTOGENERATED FILE. DO NOT EDIT THIS FILE DIRECTLY.
# yarn lockfile v1


"@sentry-internal/tracing@7.120.4":
  version "7.120.4"
  resolved "https://registry.npmjs.org/@sentry-internal/tracing/-/tracing-7.120.4.tgz"
  integrity sha512-Fz5+4XCg3akeoFK+K7g+d7HqGMjmnLoY2eJlpONJmaeT9pXY7yfUyXKZMmMajdE2LxxKJgQ2YKvSCaGVamTjHw==
  dependencies:
    "@sentry/core" "7.120.4"
    "@sentry/types" "7.120.4"
    "@sentry/utils" "7.120.4"

"@sentry/browser@^6.19.7":
  version "6.19.7"
  resolved "https://registry.npmjs.org/@sentry/browser/-/browser-6.19.7.tgz"
  integrity sha512-oDbklp4O3MtAM4mtuwyZLrgO1qDVYIujzNJQzXmi9YzymJCuzMLSRDvhY83NNDCRxf0pds4DShgYeZdbSyKraA==
  dependencies:
    "@sentry/core" "6.19.7"
    "@sentry/types" "6.19.7"
    "@sentry/utils" "6.19.7"
    tslib "^1.9.3"

"@sentry/core@6.19.7":
  version "6.19.7"
  resolved "https://registry.npmjs.org/@sentry/core/-/core-6.19.7.tgz"
  integrity sha512-tOfZ/umqB2AcHPGbIrsFLcvApdTm9ggpi/kQZFkej7kMphjT+SGBiQfYtjyg9jcRW+ilAR4JXC9BGKsdEQ+8Vw==
  dependencies:
    "@sentry/hub" "6.19.7"
    "@sentry/minimal" "6.19.7"
    "@sentry/types" "6.19.7"
    "@sentry/utils" "6.19.7"
    tslib "^1.9.3"

"@sentry/core@7.120.4":
  version "7.120.4"
  resolved "https://registry.npmjs.org/@sentry/core/-/core-7.120.4.tgz"
  integrity sha512-TXu3Q5kKiq8db9OXGkWyXUbIxMMuttB5vJ031yolOl5T/B69JRyAoKuojLBjRv1XX583gS1rSSoX8YXX7ATFGA==
  dependencies:
    "@sentry/types" "7.120.4"
    "@sentry/utils" "7.120.4"

"@sentry/hub@6.19.7":
  version "6.19.7"
  resolved "https://registry.npmjs.org/@sentry/hub/-/hub-6.19.7.tgz"
  integrity sha512-y3OtbYFAqKHCWezF0EGGr5lcyI2KbaXW2Ik7Xp8Mu9TxbSTuwTe4rTntwg8ngPjUQU3SUHzgjqVB8qjiGqFXCA==
  dependencies:
    "@sentry/types" "6.19.7"
    "@sentry/utils" "6.19.7"
    tslib "^1.9.3"

"@sentry/integrations@7.120.4":
  version "7.120.4"
  resolved "https://registry.npmjs.org/@sentry/integrations/-/integrations-7.120.4.tgz"
  integrity sha512-kkBTLk053XlhDCg7OkBQTIMF4puqFibeRO3E3YiVc4PGLnocXMaVpOSCkMqAc1k1kZ09UgGi8DxfQhnFEjUkpA==
  dependencies:
    "@sentry/core" "7.120.4"
    "@sentry/types" "7.120.4"
    "@sentry/utils" "7.120.4"
    localforage "^1.8.1"

"@sentry/minimal@6.19.7":
  version "6.19.7"
  resolved "https://registry.npmjs.org/@sentry/minimal/-/minimal-6.19.7.tgz"
  integrity sha512-wcYmSJOdvk6VAPx8IcmZgN08XTXRwRtB1aOLZm+MVHjIZIhHoBGZJYTVQS/BWjldsamj2cX3YGbGXNunaCfYJQ==
  dependencies:
    "@sentry/hub" "6.19.7"
    "@sentry/types" "6.19.7"
    tslib "^1.9.3"

"@sentry/node@^7.36.0":
  version "7.120.4"
  resolved "https://registry.npmjs.org/@sentry/node/-/node-7.120.4.tgz"
  integrity sha512-qq3wZAXXj2SRWhqErnGCSJKUhPSlZ+RGnCZjhfjHpP49KNpcd9YdPTIUsFMgeyjdh6Ew6aVCv23g1hTP0CHpYw==
  dependencies:
    "@sentry-internal/tracing" "7.120.4"
    "@sentry/core" "7.120.4"
    "@sentry/integrations" "7.120.4"
    "@sentry/types" "7.120.4"
    "@sentry/utils" "7.120.4"

"@sentry/types@6.19.7":
  version "6.19.7"
  resolved "https://registry.npmjs.org/@sentry/types/-/types-6.19.7.tgz"
  integrity sha512-jH84pDYE+hHIbVnab3Hr+ZXr1v8QABfhx39KknxqKWr2l0oEItzepV0URvbEhB446lk/S/59230dlUUIBGsXbg==

"@sentry/types@7.120.4":
  version "7.120.4"
  resolved "https://registry.npmjs.org/@sentry/types/-/types-7.120.4.tgz"
  integrity sha512-cUq2hSSe6/qrU6oZsEP4InMI5VVdD86aypE+ENrQ6eZEVLTCYm1w6XhW1NvIu3UuWh7gZec4a9J7AFpYxki88Q==

"@sentry/utils@6.19.7":
  version "6.19.7"
  resolved "https://registry.npmjs.org/@sentry/utils/-/utils-6.19.7.tgz"
  integrity sha512-z95ECmE3i9pbWoXQrD/7PgkBAzJYR+iXtPuTkpBjDKs86O3mT+PXOT3BAn79w2wkn7/i3vOGD2xVr1uiMl26dA==
  dependencies:
    "@sentry/types" "6.19.7"
    tslib "^1.9.3"

"@sentry/utils@7.120.4":
  version "7.120.4"
  resolved "https://registry.npmjs.org/@sentry/utils/-/utils-7.120.4.tgz"
  integrity sha512-zCKpyDIWKHwtervNK2ZlaK8mMV7gVUijAgFeJStH+CU/imcdquizV3pFLlSQYRswG+Lbyd6CT/LGRh3IbtkCFw==
  dependencies:
    "@sentry/types" "7.120.4"

"@types/earcut@^2.1.1":
  version "2.1.1"
  resolved "https://registry.npmjs.org/@types/earcut/-/earcut-2.1.1.tgz"
  integrity sha512-w8oigUCDjElRHRRrMvn/spybSMyX8MTkKA5Dv+tS1IE/TgmNZPqUYtvYBXGY8cieSE66gm+szeK+bnbxC2xHTQ==

"@types/node@^14.14.31":
  version "14.18.12"
  resolved "https://registry.npmjs.org/@types/node/-/node-14.18.12.tgz"
  integrity sha512-q4jlIR71hUpWTnGhXWcakgkZeHa3CCjcQcnuzU8M891BAWA2jHiziiWEPEkdS5pFsz7H9HJiy8BrK7tBRNrY7A==

"@types/pako@^1.0.2":
  version "1.0.3"
  resolved "https://registry.npmjs.org/@types/pako/-/pako-1.0.3.tgz"
  integrity sha512-EDxOsHAD5dqjbjEUM1xwa7rpKPFb8ECBE5irONTQU7/OsO3thI5YrNEWSPNMvYmvFM0l/OLQJ6Mgw7PEdXSjhg==

"@types/pbf@^3.0.2":
  version "3.0.2"
  resolved "https://registry.npmjs.org/@types/pbf/-/pbf-3.0.2.tgz"
  integrity sha512-EDrLIPaPXOZqDjrkzxxbX7UlJSeQVgah3i0aA4pOSzmK9zq3BIh7/MZIQxED7slJByvKM4Gc6Hypyu2lJzh3SQ==

"@types/polylabel@^1.0.5":
  version "1.0.5"
  resolved "https://registry.npmjs.org/@types/polylabel/-/polylabel-1.0.5.tgz"
  integrity sha512-gnaNmo1OJiYNBFAZMZdqLZ3hKx2ee4ksAzqhKWBxuQ61PmhINHMcvIqsGmyCD1WFKCkwRt9NFhMSmKE6AgYY+w==

"@types/rbush@^3.0.0":
  version "3.0.0"
  resolved "https://registry.npmjs.org/@types/rbush/-/rbush-3.0.0.tgz"
  integrity sha512-W3ue/GYWXBOpkRm0VSoifrP3HV0Ni47aVJWvXyWMcbtpBy/l/K/smBRiJ+fI8f7shXRjZBiux+iJzYbh7VmcZg==

"@types/three@^0.134.0":
  version "0.134.0"
  resolved "https://registry.npmjs.org/@types/three/-/three-0.134.0.tgz"
  integrity sha512-4YB+99Rgqq27EjiYTItEoZtdjLnTh8W9LxowgpC9eWsjaQJIL4Kn/ZcUKAnW3gB/jS4hqGN8iqmid+RcUZDzpA==

"@types/virtual-dom@^2.1.1":
  version "2.1.1"
  resolved "https://registry.npmjs.org/@types/virtual-dom/-/virtual-dom-2.1.1.tgz"
  integrity sha512-BPy2A3WXWL9RMoQQ0UQueKX93N/NL9KmlyNiSklj+Sbn91unDLcIUS00diWzV32N9CD7rRUrXE9VIzqMAZ3Wcg==

alertify.js@^1.0.12:
  version "1.0.12"
  resolved "https://registry.npmjs.org/alertify.js/-/alertify.js-1.0.12.tgz"
  integrity sha1-jB8VQj28uwfwNo8oHPefZJfjz+o= sha512-RXLsrDPo64gn+KRf11LibErPor8PUusyWUYANdlQBjxS2G7GfxwuIZGVksoOHzFy4kCx7iGwFxBIs9SJ//iSxQ==
  dependencies:
    snyk "^1.14.3"

blueimp-md5@^2.19.0:
  version "2.19.0"
  resolved "https://registry.npmjs.org/blueimp-md5/-/blueimp-md5-2.19.0.tgz"
  integrity sha512-DRQrD6gJyy8FbiE4s+bDoXS9hiW3Vbx5uCdwvcCf3zLHL+Iv7LtGHLpr+GZV8rHG8tK766FGYBwRbu8pELTt+w==

boolean@^3.0.1:
  version "3.2.0"
  resolved "https://registry.npmjs.org/boolean/-/boolean-3.2.0.tgz"
  integrity sha512-d0II/GO9uf9lfUHH2BQsjxzRJZBdsjgsBiW4BvhWk/3qoKwQFjIDVN19PfX8F2D/r9PCMTtLWjYVCFrpeYUzsw==

browser-filesaver@^1.1.1:
  version "1.1.1"
  resolved "https://registry.npmjs.org/browser-filesaver/-/browser-filesaver-1.1.1.tgz"
  integrity sha1-HDUbL1dvWwDx0p1EIcTAQo7uX6E= sha512-UI4ps3bE/YXvGKlL7BoITvw8bE/SOt7YnvZeCyME7votTLxsDQ0ES0lvQdEWZMvO9aF5/66h+a3PGWn1KOblBA==

browser-split@0.0.1:
  version "0.0.1"
  resolved "https://registry.npmjs.org/browser-split/-/browser-split-0.0.1.tgz"
  integrity sha1-ewl1dPjj6tYG+0Zk5krf3aKYGpM= sha512-JhvgRb2ihQhsljNda3BI8/UcRHVzrVwo3Q+P8vDtSiyobXuFpuZ9mq+MbRGMnC22CjW3RrfXdg6j6ITX8M+7Ow==

call-bind-apply-helpers@^1.0.1, call-bind-apply-helpers@^1.0.2:
  version "1.0.2"
  resolved "https://registry.npmjs.org/call-bind-apply-helpers/-/call-bind-apply-helpers-1.0.2.tgz"
  integrity sha512-Sp1ablJ0ivDkSzjcaJdxEunN5/XvksFJ2sMBFfq6x0ryhQV/2b/KwFe21cMpmHtPOSij8K99/wSfoEuTObmuMQ==
  dependencies:
    es-errors "^1.3.0"
    function-bind "^1.1.2"

camelize@^1.0.0:
  version "1.0.0"
  resolved "https://registry.npmjs.org/camelize/-/camelize-1.0.0.tgz"
  integrity sha1-FkpUg+Yw+kMh5a8HAg5TGDGyYJs= sha512-W2lPwkBkMZwFlPCXhIlYgxu+7gC/NUlCtdK652DAJ1JdgV0sTrvuPFshNPrFa1TY2JOkLhgdeEBplB4ezEa+xg==

concat-stream@~1.5.0:
  version "1.5.2"
  resolved "https://registry.npmjs.org/concat-stream/-/concat-stream-1.5.2.tgz"
  integrity sha512-H6xsIBfQ94aESBG8jGHXQ7i5AEpy5ZeVaLDOisDICiTCKpqEfr34/KmTrspKQNoLKNu9gTkovlpQcUi630AKiQ==
  dependencies:
    inherits "~2.0.1"
    readable-stream "~2.0.0"
    typedarray "~0.0.5"

core-js@^3.30.1:
  version "3.30.1"
  resolved "https://registry.npmjs.org/core-js/-/core-js-3.30.1.tgz"
  integrity sha512-ZNS5nbiSwDTq4hFosEDqm65izl2CWmLz0hARJMyNQBgkUZMIF51cQiMvIQKA6hvuaeWxQDP3hEedM1JZIgTldQ==

core-util-is@~1.0.0:
  version "1.0.2"
  resolved "https://registry.npmjs.org/core-util-is/-/core-util-is-1.0.2.tgz"
  integrity sha1-tf1UIgqivFq1eqtxQMlAdUUDwac= sha512-3lqz5YjWTYnW6dlDa5TLaTCcShfar1e40rmcJVwCBJC6mWlFuj0eCHIElmG1g5kyuJ/GD+8Wn4FFCcz4gJPfaQ==

define-properties@^1.1.3:
  version "1.2.0"
  resolved "https://registry.npmjs.org/define-properties/-/define-properties-1.2.0.tgz"
  integrity sha512-xvqAVKGfT1+UAvPwKTVw/njhdQ8ZhXK4lI0bCIuCMrp2up9nPnaDftrLtmpTazqd1o+UY4zgzU+avtMbDP+ldA==
  dependencies:
    has-property-descriptors "^1.0.0"
    object-keys "^1.1.1"

detect-node@^2.0.4:
  version "2.1.0"
  resolved "https://registry.npmjs.org/detect-node/-/detect-node-2.1.0.tgz"
  integrity sha512-T0NIuQpnTvFDATNuHN5roPwSBG83rFsuO+MXXH9/3N1eFbn4wcPjttvjMLEPWJ0RGUYgQE7cGgS3tNxbqCGM7g==

dom-walk@^0.1.0:
  version "0.1.1"
  resolved "https://registry.npmjs.org/dom-walk/-/dom-walk-0.1.1.tgz"
  integrity sha1-ZyIm3HTI95mtNTB9+TaroRrNYBg= sha512-8CGZnLAdYN/o0SHjlP3nLvliHpi2f/prVU63/Hc4DTDpBgsNVAJekegjFtxfZ7NTUEDzHUByjX1gT3eYakIKqg==

dunder-proto@^1.0.1:
  version "1.0.1"
  resolved "https://registry.npmjs.org/dunder-proto/-/dunder-proto-1.0.1.tgz"
  integrity sha512-KIN/nDJBQRcXw0MLVhZE9iQHmG68qAVIBg9CqmUYjmQIhgij9U5MFvrqkUL5FbtyyzZuOeOt0zdeRe4UY7ct+A==
  dependencies:
    call-bind-apply-helpers "^1.0.1"
    es-errors "^1.3.0"
    gopd "^1.2.0"

earcut@^2.2.3:
  version "2.2.3"
  resolved "https://registry.npmjs.org/earcut/-/earcut-2.2.3.tgz"
  integrity sha512-iRDI1QeCQIhMCZk48DRDMVgQSSBDmbzzNhnxIo+pwx3swkfjMh6vh0nWLq1NdvGHLKH6wIrAM3vQWeTj6qeoug==

error@^4.3.0:
  version "4.4.0"
  resolved "https://registry.npmjs.org/error/-/error-4.4.0.tgz"
  integrity sha1-v2n/JR+0onnBmtzNqmth6Q2b8So= sha512-SNDKualLUtT4StGFP7xNfuFybL2f6iJujFtrWuvJqGbVQGaN+adE23veqzPz1hjUjTunLi2EnJ+0SJxtbJreKw==
  dependencies:
    camelize "^1.0.0"
    string-template "~0.2.0"
    xtend "~4.0.0"

es-define-property@^1.0.1:
  version "1.0.1"
  resolved "https://registry.npmjs.org/es-define-property/-/es-define-property-1.0.1.tgz"
  integrity sha512-e3nRfgfUZ4rNGL232gUgX06QNyyez04KdjFrF+LTRoOXmrOgFKDg4BCdsjW8EnT69eqdYGmRpJwiPVYNrCaW3g==

es-errors@^1.3.0:
  version "1.3.0"
  resolved "https://registry.npmjs.org/es-errors/-/es-errors-1.3.0.tgz"
  integrity sha512-Zf5H2Kxt2xjTvbJvP2ZWLEICxA6j+hAmMzIlypy4xcBg1vKVnx89Wy0GbS+kf5cwCVFFzdCFh2XSCFNULS6csw==

es-object-atoms@^1.0.0, es-object-atoms@^1.1.1:
  version "1.1.1"
  resolved "https://registry.npmjs.org/es-object-atoms/-/es-object-atoms-1.1.1.tgz"
  integrity sha512-FGgH2h8zKNim9ljj7dankFPcICIK9Cp5bm+c2gQSYePhpaG5+esrLODihIorn+Pe6FGJzWhXQotPv73jTaldXA==
  dependencies:
    es-errors "^1.3.0"

es6-error@^4.1.1:
  version "4.1.1"
  resolved "https://registry.npmjs.org/es6-error/-/es6-error-4.1.1.tgz"
  integrity sha512-Um/+FxMr9CISWh0bi5Zv0iOD+4cFh5qLeks1qhAopKVAJw3drgKbKySikp7wGhDL0HPeaja0P5ULZrxLkniUVg==

escape-html@^1.0.3:
  version "1.0.3"
  resolved "https://registry.npmjs.org/escape-html/-/escape-html-1.0.3.tgz"
  integrity sha1-Aljq5NPQwJdN4cFpGI7wBR0dGYg= sha512-NiSupZ4OeuGwr68lGIeym/ksIZMJodUGOSCZ/FSnTxcrekbvqrgdUxlJOMpijaKZVjAJrWrGs/6Jy8OMuyj9ow==

escape-string-regexp@^4.0.0:
  version "4.0.0"
  resolved "https://registry.npmjs.org/escape-string-regexp/-/escape-string-regexp-4.0.0.tgz"
  integrity sha512-TtpcNJ3XAzx3Gq8sWRzJaVajRs0uVxA2YAkdb1jm2YkPz4G6egUFAyA3n5vtEIZefPk5Wa4UXbKuS5fKkJWdgA==

ev-store@^7.0.0:
  version "7.0.0"
  resolved "https://registry.npmjs.org/ev-store/-/ev-store-7.0.0.tgz"
  integrity sha1-GrDH+CE2UF3XSzHRdwHLK+bSZVg= sha512-otazchNRnGzp2YarBJ+GXKVGvhxVATB1zmaStxJBYet0Dyq7A9VhH8IUEB/gRcL6Ch52lfpgPTRJ2m49epyMsQ==
  dependencies:
    individual "^3.0.0"

function-bind@^1.1.2:
  version "1.1.2"
  resolved "https://registry.npmjs.org/function-bind/-/function-bind-1.1.2.tgz"
  integrity sha512-7XHNxH7qX9xG5mIwxkhumTox/MIRNcOgDrxWsMt2pAr23WHp6MrRlN7FBSFpCpr+oVO0F744iUgR82nJMfG2SA==

get-intrinsic@^1.1.1:
  version "1.3.0"
  resolved "https://registry.npmjs.org/get-intrinsic/-/get-intrinsic-1.3.0.tgz"
  integrity sha512-9fSjSaos/fRIVIp+xSJlE6lfwhES7LNtKaCBIamHsjr2na1BiABJPo0mOjjz8GJDURarmCPGqaiVg5mfjb98CQ==
  dependencies:
    call-bind-apply-helpers "^1.0.2"
    es-define-property "^1.0.1"
    es-errors "^1.3.0"
    es-object-atoms "^1.1.1"
    function-bind "^1.1.2"
    get-proto "^1.0.1"
    gopd "^1.2.0"
    has-symbols "^1.1.0"
    hasown "^2.0.2"
    math-intrinsics "^1.1.0"

get-proto@^1.0.1:
  version "1.0.1"
  resolved "https://registry.npmjs.org/get-proto/-/get-proto-1.0.1.tgz"
  integrity sha512-sTSfBjoXBp89JvIKIefqw7U2CCebsc74kiY6awiGogKtoSGbgjYE/G/+l9sF3MWFPNc9IcoOC4ODfKHfxFmp0g==
  dependencies:
    dunder-proto "^1.0.1"
    es-object-atoms "^1.0.0"

global-agent@^3.0.0:
  version "3.0.0"
  resolved "https://registry.npmjs.org/global-agent/-/global-agent-3.0.0.tgz"
  integrity sha512-PT6XReJ+D07JvGoxQMkT6qji/jVNfX/h364XHZOWeRzy64sSFr+xJ5OX7LI3b4MPQzdL4H8Y8M0xzPpsVMwA8Q==
  dependencies:
    boolean "^3.0.1"
    es6-error "^4.1.1"
    matcher "^3.0.0"
    roarr "^2.15.3"
    semver "^7.3.2"
    serialize-error "^7.0.1"

global@^4.3.0:
  version "4.4.0"
  resolved "https://registry.npmjs.org/global/-/global-4.4.0.tgz"
  integrity sha512-wv/LAoHdRE3BeTGz53FAamhGlPLhlssK45usmGFThIi4XqnBmjKQ16u+RNbP7WvigRZDxUsM0J3gcQ5yicaL0w==
  dependencies:
    min-document "^2.19.0"
    process "^0.11.10"

globalthis@^1.0.1:
  version "1.0.3"
  resolved "https://registry.npmjs.org/globalthis/-/globalthis-1.0.3.tgz"
  integrity sha512-sFdI5LyBiNTHjRd7cGPWapiHWMOXKyuBNX/cWJ3NfzrZQVa8GI/8cofCl74AOVqq9W5kNmguTIzJ/1s2gyI9wA==
  dependencies:
    define-properties "^1.1.3"

gopd@^1.2.0:
  version "1.2.0"
  resolved "https://registry.npmjs.org/gopd/-/gopd-1.2.0.tgz"
  integrity sha512-ZUKRh6/kUFoAiTAtTYPZJ3hw9wNxx+BIBOijnlG9PnrJsCcSjs1wyyD6vJpaYtgnzDrKYRSqf3OO6Rfa93xsRg==

has-property-descriptors@^1.0.0:
  version "1.0.0"
  resolved "https://registry.npmjs.org/has-property-descriptors/-/has-property-descriptors-1.0.0.tgz"
  integrity sha512-62DVLZGoiEBDHQyqG4w9xCuZ7eJEwNmJRWw2VY84Oedb7WFcA27fiEVe8oUQx9hAUJ4ekurquucTGwsyO1XGdQ==
  dependencies:
    get-intrinsic "^1.1.1"

has-symbols@^1.1.0:
  version "1.1.0"
  resolved "https://registry.npmjs.org/has-symbols/-/has-symbols-1.1.0.tgz"
  integrity sha512-1cDNdwJ2Jaohmb3sg4OmKaMBwuC48sYni5HUw2DvsC8LjGTLK9h+eb1X6RyuOHe4hT0ULCW68iomhjUoKUqlPQ==

hasown@^2.0.2:
  version "2.0.2"
  resolved "https://registry.npmjs.org/hasown/-/hasown-2.0.2.tgz"
  integrity sha512-0hJU9SCPvmMzIBdZFqNPXWa6dqh7WdH0cII9y+CyS8rG3nL48Bclra9HmKhVVUHyPWNH5Y7xDwAB7bfgSjkUMQ==
  dependencies:
    function-bind "^1.1.2"

idb@^8.0.1:
  version "8.0.1"
  resolved "https://registry.npmjs.org/idb/-/idb-8.0.1.tgz"
  integrity sha512-EkBCzUZSdhJV8PxMSbeEV//xguVKZu9hZZulM+2gHXI0t2hGVU3eYE6/XnH77DS6FM2FY8wl17aDcu9vXpvLWQ==

ieee754@^1.1.12:
  version "1.1.13"
  resolved "https://registry.npmjs.org/ieee754/-/ieee754-1.1.13.tgz"
  integrity sha512-4vf7I2LYV/HaWerSo3XmlMkp5eZ83i+/CDluXi/IGTs/O1sejBNhTtnxzmRZfvOUqj7lZjqHkeTvpgSFDlWZTg==

image-promise@^7.0.1:
  version "7.0.1"
  resolved "https://registry.npmjs.org/image-promise/-/image-promise-7.0.1.tgz"
  integrity sha512-399HJHce1d3aEz4EYXLU4MUgUjX0gO0Bewu8mY4iLYItpNpBWLSQkevbYRPDViyISsL6K2bJiLadhxGCctRIOg==

immediate@~3.0.5:
  version "3.0.6"
  resolved "https://registry.npmjs.org/immediate/-/immediate-3.0.6.tgz"
  integrity sha512-XXOFtyqDjNDAQxVfYxuF7g9Il/IbWmmlQg2MYKOH8ExIT1qg6xc4zyS3HaEEATgs1btfzxq15ciUiY7gjSXRGQ==

individual@^3.0.0:
  version "3.0.0"
  resolved "https://registry.npmjs.org/individual/-/individual-3.0.0.tgz"
  integrity sha1-58pPhfiVewGHNPKFdQ3CLsL5hi0= sha512-rUY5vtT748NMRbEMrTNiFfy29BgGZwGXUi2NFUVMWQrogSLzlJvQV9eeMWi+g1aVaQ53tpyLAQtd5x/JH0Nh1g==

inherits@~2.0.1:
  version "2.0.4"
  resolved "https://registry.npmjs.org/inherits/-/inherits-2.0.4.tgz"
  integrity sha512-k/vGaX4/Yla3WzyMCvTQOXYeIHvqOKtnqBduzTHpzpQZzAskKMhZ2K+EnBiSM9zGSoIFeMpXKxa4dYeZIQqewQ==

is-object@^1.0.1:
  version "1.0.1"
  resolved "https://registry.npmjs.org/is-object/-/is-object-1.0.1.tgz"
  integrity sha1-iVJojF7C/9awPsyF52ngKQMINHA= sha512-+XzmTRB/JXoIdK20Ge8K8PRsP5UlthLaVhIRxzIwQ73jRgER8iRw98DilvERx/tSjOHLy9JM4sKUfLRMB5ui0Q==

isarray@~1.0.0:
  version "1.0.0"
  resolved "https://registry.npmjs.org/isarray/-/isarray-1.0.0.tgz"
  integrity sha1-u5NdSFgsuhaMBoNJV6VKPgcSTxE= sha512-VLghIWNM6ELQzo7zwmcg0NmTVyWKYjvIeM83yjp0wRDTmUnrM678fQbcKBo6n2CJEF0szoG//ytg+TKla89ALQ==

json-stringify-safe@^5.0.1:
  version "5.0.1"
  resolved "https://registry.npmjs.org/json-stringify-safe/-/json-stringify-safe-5.0.1.tgz"
  integrity sha512-ZClg6AaYvamvYEE82d3Iyd3vSSIjQ+odgjaTzRuO3s7toCdFKczob2i0zCh7JE8kWn17yvAWhUVxvqGwUalsRA==

knockout@^3.4.0:
  version "3.5.1"
  resolved "https://registry.npmjs.org/knockout/-/knockout-3.5.1.tgz"
  integrity sha512-wRJ9I4az0QcsH7A4v4l0enUpkS++MBx0BnL/68KaLzJg7x1qmbjSlwEoCNol7KTYZ+pmtI7Eh2J0Nu6/2Z5J/Q==

leaflet-rotatedmarker@^0.2.0:
  version "0.2.0"
  resolved "https://registry.npmjs.org/leaflet-rotatedmarker/-/leaflet-rotatedmarker-0.2.0.tgz"
  integrity sha1-RGf0n5jRv9VpWb2cZwUgPdJgEnc= sha512-yc97gxLXwbZa+Gk9VCcqI0CkvIBC9oNTTjFsHqq4EQvANrvaboib4UdeQLyTnEqDpaXHCqzwwVIDHtvz2mUiDg==

leaflet@1.0.3:
  version "1.0.3"
  resolved "https://registry.npmjs.org/leaflet/-/leaflet-1.0.3.tgz"
  integrity sha1-H0AbmLRcgZITTGyNaWhiU4BQB8g= sha512-MzG53cU+K9ZdX/Wl4o+/6nyx6Ej/ec7MuMRd/VdAxuT8nltdRTE6ekl+QjavwcXN+SSC3jL2PK+Wn4T/ooWibA==

lie@3.1.1:
  version "3.1.1"
  resolved "https://registry.npmjs.org/lie/-/lie-3.1.1.tgz"
  integrity sha512-RiNhHysUjhrDQntfYSfY4MU24coXXdEOgw9WGcKHNeEwffDYbF//u87M1EWaMGzuFoSbqW0C9C6lEEhDOAswfw==
  dependencies:
    immediate "~3.0.5"

load-script@^2.0.0:
  version "2.0.0"
  resolved "https://registry.npmjs.org/load-script/-/load-script-2.0.0.tgz"
  integrity sha512-km6cyoPW4rM22JMGb+SHUKPMZVDpUaMpMAKrv8UHWllIxc/qjgMGHD91nY+5hM+/NFs310OZ2pqQeJKs7HqWPA==

localforage@^1.8.1:
  version "1.10.0"
  resolved "https://registry.npmjs.org/localforage/-/localforage-1.10.0.tgz"
  integrity sha512-14/H1aX7hzBBmmh7sGPd+AOMkkIrHM3Z1PAyGgZigA1H1p5O5ANnMyWzvpAETtG68/dC4pC0ncy3+PPGzXZHPg==
  dependencies:
    lie "3.1.1"

lodash@^4.17.21:
  version "4.17.21"
  resolved "https://registry.npmjs.org/lodash/-/lodash-4.17.21.tgz"
  integrity sha512-v2kDEe57lecTulaDIuNTPy3Ry4gLGJ6Z1O3vE1krgXZNrsQ+LFTGHVxVjcXPs17LhbZVGedAJv8XZ1tvj5FvSg==

long@^3.2.0:
  version "3.2.0"
  resolved "https://registry.npmjs.org/long/-/long-3.2.0.tgz"
  integrity sha1-2CG3E4yhy1gcFymQ7xTbIAtcR0s= sha512-ZYvPPOMqUwPoDsbJaR10iQJYnMuZhRTvHYl62ErLIEX7RgFlziSBUUvrt3OVfc47QlHHpzPZYP17g3Fv7oeJkg==

mapillary-js@4.1.1:
  version "4.1.1"
  resolved "https://registry.npmjs.org/mapillary-js/-/mapillary-js-4.1.1.tgz"
  integrity sha512-T/MqRKGTOAKAWSB3xKnu0FujNdBbaoWajXh1u7BDNQBeLptPXnlTNFmg/0iAkjBBfLWgO9iFP5W/9qM3gRVNiQ==
  dependencies:
    "@types/earcut" "^2.1.1"
    "@types/node" "^14.14.31"
    "@types/pako" "^1.0.2"
    "@types/pbf" "^3.0.2"
    "@types/polylabel" "^1.0.5"
    "@types/rbush" "^3.0.0"
    "@types/three" "^0.134.0"
    "@types/virtual-dom" "^2.1.1"
    earcut "^2.2.3"
    martinez-polygon-clipping "^0.7.1"
    pako "^2.0.4"
    pbf "^3.2.1"
    polylabel "^1.1.0"
    rbush "^3.0.1"
    rxjs "^7.3.0"
    s2-geometry "^1.2.10"
    three "^0.134.0"
    virtual-dom "^2.1.1"

martinez-polygon-clipping@^0.7.1:
  version "0.7.3"
  resolved "https://registry.npmjs.org/martinez-polygon-clipping/-/martinez-polygon-clipping-0.7.3.tgz"
  integrity sha512-i1CM1sgj6v7Vy2ZeaxZKmAKAin1QApPaBKk/kW8QENxTrWliTHDDEBhwQz0gdFx+F3JkWiIz4y5IhoaGkcfOIA==
  dependencies:
    robust-predicates "^2.0.4"
    splaytree "^0.1.4"
    tinyqueue "^1.2.0"

matcher@^3.0.0:
  version "3.0.0"
  resolved "https://registry.npmjs.org/matcher/-/matcher-3.0.0.tgz"
  integrity sha512-OkeDaAZ/bQCxeFAozM55PKcKU0yJMPGifLwV4Qgjitu+5MoAfSQN4lsLJeXZ1b8w0x+/Emda6MZgXS1jvsapng==
  dependencies:
    escape-string-regexp "^4.0.0"

math-intrinsics@^1.1.0:
  version "1.1.0"
  resolved "https://registry.npmjs.org/math-intrinsics/-/math-intrinsics-1.1.0.tgz"
  integrity sha512-/IXtbwEk5HTPyEwyKX6hGkYXxM9nbj64B+ilVJnC/R6B0pH5G4V3b0pVbL7DBj4tkhBAppbQUlf6F6Xl9LHu1g==

min-document@^2.19.0:
  version "2.19.2"
  resolved "https://registry.npmjs.org/min-document/-/min-document-2.19.2.tgz"
  integrity sha512-8S5I8db/uZN8r9HSLFVWPdJCvYOejMcEC82VIzNUc6Zkklf/d1gg2psfE79/vyhWOj4+J8MtwmoOz3TmvaGu5A==
  dependencies:
    dom-walk "^0.1.0"

minimist@~1.2.0:
  version "1.2.6"
  resolved "https://registry.npmjs.org/minimist/-/minimist-1.2.6.tgz"
  integrity sha512-Jsjnk4bw3YJqYzbdyBiNsPWHPfO++UGG749Cxs6peCu5Xg4nrena6OVxOYxrQTqww0Jmwt+Ref8rggumkTLz9Q==

next-tick@^0.2.2:
  version "0.2.2"
  resolved "https://registry.npmjs.org/next-tick/-/next-tick-0.2.2.tgz"
  integrity sha1-ddpKkn7liH45BliABltzNkE7MQ0= sha512-f7h4svPtl+QidoBv4taKXUjJ70G2asaZ8G28nS0OkqaalX8dwwrtWtyxEDPK62AC00ur/+/E0pUwBwY5EPn15Q==

object-keys@^1.1.1:
  version "1.1.1"
  resolved "https://registry.npmjs.org/object-keys/-/object-keys-1.1.1.tgz"
  integrity sha512-NuAESUOUMrlIXOfHKzD6bpPu3tYt3xvjNdRIQ+FeT0lNb4K8WR70CaDxhuNguS2XG+GjkyMwOzsN5ZktImfhLA==

pako@^2.0.4:
  version "2.0.4"
  resolved "https://registry.npmjs.org/pako/-/pako-2.0.4.tgz"
  integrity sha512-v8tweI900AUkZN6heMU/4Uy4cXRc2AYNRggVmTR+dEncawDJgCdLMximOVA2p4qO57WMynangsfGRb5WD6L1Bg==

pbf@^3.0.5, pbf@^3.2.1:
  version "3.2.1"
  resolved "https://registry.npmjs.org/pbf/-/pbf-3.2.1.tgz"
  integrity sha512-ClrV7pNOn7rtmoQVF4TS1vyU0WhYRnP92fzbfF75jAIwpnzdJXf8iTd4CMEqO4yUenH6NDqLiwjqlh6QgZzgLQ==
  dependencies:
    ieee754 "^1.1.12"
    resolve-protobuf-schema "^2.1.0"

polylabel@^1.1.0:
  version "1.1.0"
  resolved "https://registry.npmjs.org/polylabel/-/polylabel-1.1.0.tgz"
  integrity sha512-bxaGcA40sL3d6M4hH72Z4NdLqxpXRsCFk8AITYg6x1rn1Ei3izf00UMLklerBZTO49aPA3CYrIwVulx2Bce2pA==
  dependencies:
    tinyqueue "^2.0.3"

process-nextick-args@~1.0.6:
  version "1.0.7"
  resolved "https://registry.npmjs.org/process-nextick-args/-/process-nextick-args-1.0.7.tgz"
  integrity sha512-yN0WQmuCX63LP/TMvAg31nvT6m4vDqJEiiv2CAZqWOGNWutc9DfDk1NPYYmKUFmaVM2UwDowH4u5AHWYP/jxKw==

process@^0.11.10:
  version "0.11.10"
  resolved "https://registry.npmjs.org/process/-/process-0.11.10.tgz"
  integrity sha1-czIwDoQBYb2j5podHZGn1LwW8YI= sha512-cdGef/drWFoydD1JsMzuFf8100nZl+GT+yacc2bEced5f9Rjk4z+WtFUTBu9PhOi9j/jfmBPu0mMEY4wIdAF8A==

protocol-buffers-schema@^3.3.1:
  version "3.3.2"
  resolved "https://registry.npmjs.org/protocol-buffers-schema/-/protocol-buffers-schema-3.3.2.tgz"
  integrity sha512-Xdayp8sB/mU+sUV4G7ws8xtYMGdQnxbeIfLjyO9TZZRJdztBGhlmbI5x1qcY4TG5hBkIKGnc28i7nXxaugu88w==

quickselect@^2.0.0:
  version "2.0.0"
  resolved "https://registry.npmjs.org/quickselect/-/quickselect-2.0.0.tgz"
  integrity sha512-RKJ22hX8mHe3Y6wH/N3wCM6BWtjaxIyyUIkpHOvfFnxdI4yD4tBXEBKSbriGujF6jnSVkJrffuo6vxACiSSxIw==

rbush@^3.0.1:
  version "3.0.1"
  resolved "https://registry.npmjs.org/rbush/-/rbush-3.0.1.tgz"
  integrity sha512-XRaVO0YecOpEuIvbhbpTrZgoiI6xBlz6hnlr6EHhd+0x9ase6EmeN+hdwwUaJvLcsFFQ8iWVF1GAK1yB0BWi0w==
  dependencies:
    quickselect "^2.0.0"

readable-stream@~2.0.0:
  version "2.0.6"
  resolved "https://registry.npmjs.org/readable-stream/-/readable-stream-2.0.6.tgz"
  integrity sha512-TXcFfb63BQe1+ySzsHZI/5v1aJPCShfqvWJ64ayNImXMsN1Cd0YGk/wm8KB7/OeessgPc9QvS9Zou8QTkFzsLw==
  dependencies:
    core-util-is "~1.0.0"
    inherits "~2.0.1"
    isarray "~1.0.0"
    process-nextick-args "~1.0.6"
    string_decoder "~0.10.x"
    util-deprecate "~1.0.1"

regenerator-runtime@^0.13.11:
  version "0.13.11"
  resolved "https://registry.npmjs.org/regenerator-runtime/-/regenerator-runtime-0.13.11.tgz"
  integrity sha512-kY1AZVr2Ra+t+piVaJ4gxaFaReZVH40AKNo7UCX6W+dEwBo/2oZJzqfuN1qLq1oL45o56cPaTXELwrTh8Fpggg==

resolve-protobuf-schema@^2.1.0:
  version "2.1.0"
  resolved "https://registry.npmjs.org/resolve-protobuf-schema/-/resolve-protobuf-schema-2.1.0.tgz"
  integrity sha512-kI5ffTiZWmJaS/huM8wZfEMer1eRd7oJQhDuxeCLe3t7N7mX3z94CN0xPxBQxFYQTSNz9T0i+v6inKqSdK8xrQ==
  dependencies:
    protocol-buffers-schema "^3.3.1"

roarr@^2.15.3:
  version "2.15.4"
  resolved "https://registry.npmjs.org/roarr/-/roarr-2.15.4.tgz"
  integrity sha512-CHhPh+UNHD2GTXNYhPWLnU8ONHdI+5DI+4EYIAOaiD63rHeYlZvyh8P+in5999TTSFgUYuKUAjzRI4mdh/p+2A==
  dependencies:
    boolean "^3.0.1"
    detect-node "^2.0.4"
    globalthis "^1.0.1"
    json-stringify-safe "^5.0.1"
    semver-compare "^1.0.0"
    sprintf-js "^1.1.2"

robust-predicates@^2.0.4:
  version "2.0.4"
  resolved "https://registry.npmjs.org/robust-predicates/-/robust-predicates-2.0.4.tgz"
  integrity sha512-l4NwboJM74Ilm4VKfbAtFeGq7aEjWL+5kVFcmgFA2MrdnQWx9iE/tUGvxY5HyMI7o/WpSIUFLbC5fbeaHgSCYg==

rxjs@^7.3.0:
  version "7.5.5"
  resolved "https://registry.npmjs.org/rxjs/-/rxjs-7.5.5.tgz"
  integrity sha512-sy+H0pQofO95VDmFLzyaw9xNJU4KTRSwQIGM6+iG3SypAtCiLDzpeG8sJrNCWn2Up9km+KhkvTdbkrdy+yzZdw==
  dependencies:
    tslib "^2.1.0"

s2-geometry@^1.2.10:
  version "1.2.10"
  resolved "https://registry.npmjs.org/s2-geometry/-/s2-geometry-1.2.10.tgz"
  integrity sha1-xv8i8+zK/Q7qSRtgtEwUG5iHrKs= sha512-5WejfQu1XZ25ZerW8uL6xP1sM2krcOYKhI6TbfybGRf+vTQLrm3E+4n0+1lWg+MYqFjPzoe51zKhn2sBRMCt5g==
  dependencies:
    long "^3.2.0"

semver-compare@^1.0.0:
  version "1.0.0"
  resolved "https://registry.npmjs.org/semver-compare/-/semver-compare-1.0.0.tgz"
  integrity sha512-YM3/ITh2MJ5MtzaM429anh+x2jiLVjqILF4m4oyQB18W7Ggea7BfqdH/wGMK7dDiMghv/6WG7znWMwUDzJiXow==

semver@^7.3.2:
  version "7.7.3"
  resolved "https://registry.npmjs.org/semver/-/semver-7.7.3.tgz"
  integrity sha512-SdsKMrI9TdgjdweUSR9MweHA4EJ8YxHn8DFaDisvhVlUOe4BF1tLD7GAj0lIqWVl+dPb/rExr0Btby5loQm20Q==

serialize-error@^7.0.1:
  version "7.0.1"
  resolved "https://registry.npmjs.org/serialize-error/-/serialize-error-7.0.1.tgz"
  integrity sha512-8I8TjW5KMOKsZQTvoxjuSIa7foAwPWGOts+6o7sgjz41/qMD9VQHEDxi6PBvK2l0MXUmqZyNpUK+T2tQaaElvw==
  dependencies:
    type-fest "^0.13.1"

snyk@^1.14.3:
  version "1.1301.0"
  resolved "https://registry.npmjs.org/snyk/-/snyk-1.1301.0.tgz"
  integrity sha512-kTb8F9L1PlI3nYWlp60wnSGWGmcRs6bBtSBl9s8YYhAiFZNseIZfXolQXBSCaya5QlcxzfH1pb4aqCNMbi0tgg==
  dependencies:
    "@sentry/node" "^7.36.0"
    global-agent "^3.0.0"

splaytree@^0.1.4:
  version "0.1.4"
  resolved "https://registry.npmjs.org/splaytree/-/splaytree-0.1.4.tgz"
  integrity sha512-D50hKrjZgBzqD3FT2Ek53f2dcDLAQT8SSGrzj3vidNH5ISRgceeGVJ2dQIthKOuayqFXfFjXheHNo4bbt9LhRQ==

sprintf-js@^1.1.2:
  version "1.1.3"
  resolved "https://registry.npmjs.org/sprintf-js/-/sprintf-js-1.1.3.tgz"
  integrity sha512-Oo+0REFV59/rz3gfJNKQiBlwfHaSESl1pcGyABQsnnIfWOFt6JNj5gCog2U6MLZ//IGYD+nA8nI+mTShREReaA==

string_decoder@~0.10.x:
  version "0.10.31"
  resolved "https://registry.npmjs.org/string_decoder/-/string_decoder-0.10.31.tgz"
  integrity sha512-ev2QzSzWPYmy9GuqfIVildA4OdcGLeFZQrq5ys6RtiuF+RQQiZWr8TZNyAcuVXyQRYfEO+MsoB/1BuQVhOJuoQ==

string-template@~0.2.0:
  version "0.2.1"
  resolved "https://registry.npmjs.org/string-template/-/string-template-0.2.1.tgz"
  integrity sha1-QpMuWYo1LQH8IuwzZ9nYTuxsmt0= sha512-Yptehjogou2xm4UJbxJ4CxgZx12HBfeystp0y3x7s4Dj32ltVVG1Gg8YhKjHZkHicuKpZX/ffilA8505VbUbpw==

three@^0.134.0:
  version "0.134.0"
  resolved "https://registry.npmjs.org/three/-/three-0.134.0.tgz"
  integrity sha512-LbBerg7GaSPjYtTOnu41AMp7tV6efUNR3p4Wk5NzkSsNTBuA5mDGOfwwZL1jhhVMLx9V20HolIUo0+U3AXehbg==

tiny-inflate@^1.0.2:
  version "1.0.3"
  resolved "https://registry.npmjs.org/tiny-inflate/-/tiny-inflate-1.0.3.tgz"
  integrity sha512-pkY1fj1cKHb2seWDy0B16HeWyczlJA9/WW3u3c4z/NiWDsO3DOU5D7nhTLE9CF0yXv/QZFY7sEJmj24dK+Rrqw==

tinyqueue@^1.2.0:
  version "1.2.3"
  resolved "https://registry.npmjs.org/tinyqueue/-/tinyqueue-1.2.3.tgz"
  integrity sha512-Qz9RgWuO9l8lT+Y9xvbzhPT2efIUIFd69N7eF7tJ9lnQl0iLj1M7peK7IoUGZL9DJHw9XftqLreccfxcQgYLxA==

tinyqueue@^2.0.3:
  version "2.0.3"
  resolved "https://registry.npmjs.org/tinyqueue/-/tinyqueue-2.0.3.tgz"
  integrity sha512-ppJZNDuKGgxzkHihX8v9v9G5f+18gzaTfrukGrq6ueg0lmH4nqVnA2IPG0AEH3jKEk2GRJCUhDoqpoiw3PHLBA==

tslib@^1.9.3:
  version "1.10.0"
  resolved "https://registry.npmjs.org/tslib/-/tslib-1.10.0.tgz"
  integrity sha512-qOebF53frne81cf0S9B41ByenJ3/IuH8yJKngAX35CmiZySA0khhkovshKK+jGCaMnVomla7gVlIcc3EvKPbTQ==

tslib@^2.1.0:
  version "2.3.1"
  resolved "https://registry.npmjs.org/tslib/-/tslib-2.3.1.tgz"
  integrity sha512-77EbyPPpMz+FRFRuAFlWMtmgUWGe9UOG2Z25NqCwiIjRhOf5iKGuzSe5P2w1laq+FkRy4p+PCuVkJSGkzTEKVw==

twkb@^0.2.2:
  version "0.2.2"
  resolved "https://registry.npmjs.org/twkb/-/twkb-0.2.2.tgz"
  integrity sha512-hDHDEZ0xVGXD/VHuWFF2OzkVqwLW6u8xR2vlMItAKzk2R/nntpEVjchOG8gxH8o+buvFazn35KGAUavz8jTR0w==

type-fest@^0.13.1:
  version "0.13.1"
  resolved "https://registry.npmjs.org/type-fest/-/type-fest-0.13.1.tgz"
  integrity sha512-34R7HTnG0XIJcBSn5XhDd7nNFPRcXYRZrBB2O2jdKqYODldSzBAqzsWoZYYvduky73toYS/ESqxPvkDf/F0XMg==

typedarray@~0.0.5:
  version "0.0.7"
  resolved "https://registry.npmjs.org/typedarray/-/typedarray-0.0.7.tgz"
  integrity sha512-ueeb9YybpjhivjbHP2LdFDAjbS948fGEPj+ACAMs4xCMmh72OCOMQWBQKlaN4ZNQ04yfLSDLSx1tGRIoWimObQ==

utf8@^3.0.0:
  version "3.0.0"
  resolved "https://registry.npmjs.org/utf8/-/utf8-3.0.0.tgz"
  integrity sha512-E8VjFIQ/TyQgp+TZfS6l8yp/xWppSAHzidGiRrqe4bK4XP9pTRyKFgGJpO3SN7zdX4DeomTrwaseCHovfpFcqQ==

util-deprecate@~1.0.1:
  version "1.0.2"
  resolved "https://registry.npmjs.org/util-deprecate/-/util-deprecate-1.0.2.tgz"
  integrity sha1-RQ1Nyfpw3nMnYvvS1KKJgUGaDM8= sha512-EPD5q1uXyFxJpCrLnCc1nHnq3gOa6DZBocAIiI2TaSCA7VCJ1UJDMagCzIkXNsUYfD1daK//LTEQ8xiIbrHtcw==

virtual-dom@^2.1.1:
  version "2.1.1"
  resolved "https://registry.npmjs.org/virtual-dom/-/virtual-dom-2.1.1.tgz"
  integrity sha1-gO2i1IG57eDASRGM78tKBfIdE3U= sha512-wb6Qc9Lbqug0kRqo/iuApfBpJJAq14Sk1faAnSmtqXiwahg7PVTvWMs9L02Z8nNIMqbwsxzBAA90bbtRLbw0zg==
  dependencies:
    browser-split "0.0.1"
    error "^4.3.0"
    ev-store "^7.0.0"
    global "^4.3.0"
    is-object "^1.0.1"
    next-tick "^0.2.2"
    x-is-array "0.1.0"
    x-is-string "0.1.0"

wellknown@0.5.0:
  version "0.5.0"
  resolved "https://registry.npmjs.org/wellknown/-/wellknown-0.5.0.tgz"
  integrity sha512-za5vTLuPF9nmrVOovYQwNEWE/PwJCM+yHMAj4xN1WWUvtq9OElsvKiPL0CR9rO8xhrYqL7NpI7IknqR8r6eYOg==
  dependencies:
    concat-stream "~1.5.0"
    minimist "~1.2.0"

x-is-array@0.1.0:
  version "0.1.0"
  resolved "https://registry.npmjs.org/x-is-array/-/x-is-array-0.1.0.tgz"
  integrity sha1-3lIBcdR7P0FvVYfWKbidJrEtwp0= sha512-goHPif61oNrr0jJgsXRfc8oqtYzvfiMJpTqwE7Z4y9uH+T3UozkGqQ4d2nX9mB9khvA8U2o/UbPOFjgC7hLWIA==

x-is-string@0.1.0:
  version "0.1.0"
  resolved "https://registry.npmjs.org/x-is-string/-/x-is-string-0.1.0.tgz"
  integrity sha1-R0tQhlrzpJqcRlfwWs0UVFj3fYI= sha512-GojqklwG8gpzOVEVki5KudKNoq7MbbjYZCbyWzEz7tyPA7eleiE0+ePwOWQQRb5fm86rD3S8Tc0tSFf3AOv50w==

xtend@~4.0.0:
  version "4.0.2"
  resolved "https://registry.npmjs.org/xtend/-/xtend-4.0.2.tgz"
  integrity sha512-LKYU1iAXJXUgAXn9URjiu+MWhyUXHsvfp7mcuYm9dSUKK0/CjtrUwFAxD82/mCWbtLsGjFIad0wIsod4zrTAEQ==
